
Microsoft Visual Studio Solution File, Format Version 12.00
# Visual Studio Version 17
VisualStudioVersion = 17.10.35027.167
MinimumVisualStudioVersion = 10.0.40219.1
Project("{FAE04EC0-301F-11D3-BF4B-00C04F79EFBC}") = "SimplifiedLeakDetector", "SimplifiedLeakDetector\SimplifiedLeakDetector.csproj", "{102450DB-1D6D-45AB-9035-74BAF015A078}"
EndProject
Global
	GlobalSection(SolutionConfigurationPlatforms) = preSolution
		Debug|Any CPU = Debug|Any CPU
		Release|Any CPU = Release|Any CPU
	EndGlobalSection
	GlobalSection(ProjectConfigurationPlatforms) = postSolution
		{102450DB-1D6D-45AB-9035-74BAF015A078}.Debug|Any CPU.ActiveCfg = Debug|Any CPU
		{102450DB-1D6D-45AB-9035-74BAF015A078}.Debug|Any CPU.Build.0 = Debug|Any CPU
		{102450DB-1D6D-45AB-9035-74BAF015A078}.Debug|Any CPU.Deploy.0 = Debug|Any CPU
		{102450DB-1D6D-45AB-9035-74BAF015A078}.Release|Any CPU.ActiveCfg = Release|Any CPU
		{102450DB-1D6D-45AB-9035-74BAF015A078}.Release|Any CPU.Build.0 = Release|Any CPU
		{102450DB-1D6D-45AB-9035-74BAF015A078}.Release|Any CPU.Deploy.0 = Release|Any CPU
	EndGlobalSection
	GlobalSection(SolutionProperties) = preSolution
		HideSolutionNode = FALSE
	EndGlobalSection
	GlobalSection(ExtensibilityGlobals) = postSolution
		SolutionGuid = {10B58AEA-65A6-4061-B660-27E3A3628418}
	EndGlobalSection
EndGlobal
